// !$*UTF8*$!
{
	archiveVersion = 1;
	classes = {
	};
	objectVersion = 48;
	objects = {

/* Begin PBXBuildFile section */
		CD79EE5B2073674D003CB923 /* AppDelegate.swift in Sources */ = {isa = PBXBuildFile; fileRef = CD79EE5A2073674D003CB923 /* AppDelegate.swift */; };
		CD79EE5D2073674D003CB923 /* ViewController.swift in Sources */ = {isa = PBXBuildFile; fileRef = CD79EE5C2073674D003CB923 /* ViewController.swift */; };
		CD79EE602073674D003CB923 /* Main.storyboard in Resources */ = {isa = PBXBuildFile; fileRef = CD79EE5E2073674D003CB923 /* Main.storyboard */; };
		CD79EE622073674D003CB923 /* Assets.xcassets in Resources */ = {isa = PBXBuildFile; fileRef = CD79EE612073674D003CB923 /* Assets.xcassets */; };
		CD79EE652073674D003CB923 /* LaunchScreen.storyboard in Resources */ = {isa = PBXBuildFile; fileRef = CD79EE632073674D003CB923 /* LaunchScreen.storyboard */; };
		CD79EE6D207367D5003CB923 /* OrderViewController.swift in Sources */ = {isa = PBXBuildFile; fileRef = CD79EE6C207367D5003CB923 /* OrderViewController.swift */; };
		CD79EE71207369F4003CB923 /* appicon-120x120.png in Resources */ = {isa = PBXBuildFile; fileRef = CD79EE70207369F4003CB923 /* appicon-120x120.png */; };
/* End PBXBuildFile section */

/* Begin PBXFileReference section */
		CD79EE572073674D003CB923 /* Navigation2.app */ = {isa = PBXFileReference; explicitFileType = wrapper.application; includeInIndex = 0; path = Navigation2.app; sourceTree = BUILT_PRODUCTS_DIR; };
		CD79EE5A2073674D003CB923 /* AppDelegate.swift */ = {isa = PBXFileReference; lastKnownFileType = sourcecode.swift; path = AppDelegate.swift; sourceTree = "<group>"; };
		CD79EE5C2073674D003CB923 /* ViewController.swift */ = {isa = PBXFileReference; lastKnownFileType = sourcecode.swift; path = ViewController.swift; sourceTree = "<group>"; };
		CD79EE5F2073674D003CB923 /* Base */ = {isa = PBXFileReference; lastKnownFileType = file.storyboard; name = Base; path = Base.lproj/Main.storyboard; sourceTree = "<group>"; };
		CD79EE612073674D003CB923 /* Assets.xcassets */ = {isa = PBXFileReference; lastKnownFileType = folder.assetcatalog; path = Assets.xcassets; sourceTree = "<group>"; };
		CD79EE642073674D003CB923 /* Base */ = {isa = PBXFileReference; lastKnownFileType = file.storyboard; name = Base; path = Base.lproj/LaunchScreen.storyboard; sourceTree = "<group>"; };
		CD79EE662073674D003CB923 /* Info.plist */ = {isa = PBXFileReference; lastKnownFileType = text.plist.xml; path = Info.plist; sourceTree = "<group>"; };
		CD79EE6C207367D5003CB923 /* OrderViewController.swift */ = {isa = PBXFileReference; lastKnownFileType = sourcecode.swift; path = OrderViewController.swift; sourceTree = "<group>"; };
		CD79EE70207369F4003CB923 /* appicon-120x120.png */ = {isa = PBXFileReference; lastKnownFileType = image.png; path = "appicon-120x120.png"; sourceTree = "<group>"; };
/* End PBXFileReference section */

/* Begin PBXFrameworksBuildPhase section */
		CD79EE542073674D003CB923 /* Frameworks */ = {
			isa = PBXFrameworksBuildPhase;
			buildActionMask = 2147483647;
			files = (
			);
			runOnlyForDeploymentPostprocessing = 0;
		};
/* End PBXFrameworksBuildPhase section */

/* Begin PBXGroup section */
		CD79EE4E2073674D003CB923 = {
			isa = PBXGroup;
			children = (
				CD79EE592073674D003CB923 /* Navigation2 */,
				CD79EE582073674D003CB923 /* Products */,
			);
			sourceTree = "<group>";
		};
		CD79EE582073674D003CB923 /* Products */ = {
			isa = PBXGroup;
			children = (
				CD79EE572073674D003CB923 /* Navigation2.app */,
			);
			name = Products;
			sourceTree = "<group>";
		};
		CD79EE592073674D003CB923 /* Navigation2 */ = {
			isa = PBXGroup;
			children = (
				CD79EE5A2073674D003CB923 /* AppDelegate.swift */,
				CD79EE5C2073674D003CB923 /* ViewController.swift */,
				CD79EE70207369F4003CB923 /* appicon-120x120.png */,
				CD79EE5E2073674D003CB923 /* Main.storyboard */,
				CD79EE612073674D003CB923 /* Assets.xcassets */,
				CD79EE632073674D003CB923 /* LaunchScreen.storyboard */,
				CD79EE662073674D003CB923 /* Info.plist */,
				CD79EE6C207367D5003CB923 /* OrderViewController.swift */,
			);
			path = Navigation2;
			sourceTree = "<group>";
		};
/* End PBXGroup section */

/* Begin PBXNativeTarget section */
		CD79EE562073674D003CB923 /* Navigation2 */ = {
			isa = PBXNativeTarget;
			buildConfigurationList = CD79EE692073674D003CB923 /* Build configuration list for PBXNativeTarget "Navigation2" */;
			buildPhases = (
				CD79EE532073674D003CB923 /* Sources */,
				CD79EE542073674D003CB923 /* Frameworks */,
				CD79EE552073674D003CB923 /* Resources */,
			);
			buildRules = (
			);
			dependencies = (
			);
			name = Navigation2;
			productName = Navigation2;
			productReference = CD79EE572073674D003CB923 /* Navigation2.app */;
			productType = "com.apple.product-type.application";
		};
/* End PBXNativeTarget section */

/* Begin PBXProject section */
		CD79EE4F2073674D003CB923 /* Project object */ = {
			isa = PBXProject;
			attributes = {
				LastSwiftUpdateCheck = 0920;
				LastUpgradeCheck = 0920;
				ORGANIZATIONNAME = SWUCOMPUTER;
				TargetAttributes = {
					CD79EE562073674D003CB923 = {
						CreatedOnToolsVersion = 9.2;
						ProvisioningStyle = Automatic;
					};
				};
			};
			buildConfigurationList = CD79EE522073674D003CB923 /* Build configuration list for PBXProject "Navigation2" */;
			compatibilityVersion = "Xcode 8.0";
			developmentRegion = en;
			hasScannedForEncodings = 0;
			knownRegions = (
				en,
				Base,
			);
			mainGroup = CD79EE4E2073674D003CB923;
			productRefGroup = CD79EE582073674D003CB923 /* Products */;
			projectDirPath = "";
			projectRoot = "";
			targets = (
				CD79EE562073674D003CB923 /* Navigation2 */,
			);
		};
/* End PBXProject section */

/* Begin PBXResourcesBuildPhase section */
		CD79EE552073674D003CB923 /* Resources */ = {
			isa = PBXResourcesBuildPhase;
			buildActionMask = 2147483647;
			files = (
				CD79EE652073674D003CB923 /* LaunchScreen.storyboard in Resources */,
				CD79EE622073674D003CB923 /* Assets.xcassets in Resources */,
				CD79EE602073674D003CB923 /* Main.storyboard in Resources */,
				CD79EE71207369F4003CB923 /* appicon-120x120.png in Resources */,
			);
			runOnlyForDeploymentPostprocessing = 0;
		};
/* End PBXResourcesBuildPhase section */

/* Begin PBXSourcesBuildPhase section */
		CD79EE532073674D003CB923 /* Sources */ = {
			isa = PBXSourcesBuildPhase;
			buildActionMask = 2147483647;
			files = (
				CD79EE5D2073674D003CB923 /* ViewController.swift in Sources */,
				CD79EE5B2073674D003CB923 /* AppDelegate.swift in Sources */,
				CD79EE6D207367D5003CB923 /* OrderViewController.swift in Sources */,
			);
			runOnlyForDeploymentPostprocessing = 0;
		};
/* End PBXSourcesBuildPhase section */

/* Begin PBXVariantGroup section */
		CD79EE5E2073674D003CB923 /* Main.storyboard */ = {
			isa = PBXVariantGroup;
			children = (
				CD79EE5F2073674D003CB923 /* Base */,
			);
			name = Main.storyboard;
			sourceTree = "<group>";
		};
		CD79EE632073674D003CB923 /* LaunchScreen.storyboard */ = {
			isa = PBXVariantGroup;
			children = (
				CD79EE642073674D003CB923 /* Base */,
			);
			name = LaunchScreen.storyboard;
			sourceTree = "<group>";
		};
/* End PBXVariantGroup section */

/* Begin XCBuildConfiguration section */
		CD79EE672073674D003CB923 /* Debug */ = {
			isa = XCBuildConfiguration;
			buildSettings = {
				ALWAYS_SEARCH_USER_PATHS = NO;
				CLANG_ANALYZER_NONNULL = YES;
				CLANG_ANALYZER_NUMBER_OBJECT_CONVERSION = YES_AGGRESSIVE;
				CLANG_CXX_LANGUAGE_STANDARD = "gnu++14";
				CLANG_CXX_LIBRARY = "libc++";
				CLANG_ENABLE_MODULES = YES;
				CLANG_ENABLE_OBJC_ARC = YES;
				CLANG_WARN_BLOCK_CAPTURE_AUTORELEASING = YES;
				CLANG_WARN_BOOL_CONVERSION = YES;
				CLANG_WARN_COMMA = YES;
				CLANG_WARN_CONSTANT_CONVERSION = YES;
				CLANG_WARN_DIRECT_OBJC_ISA_USAGE = YES_ERROR;
				CLANG_WARN_DOCUMENTATION_COMMENTS = YES;
				CLANG_WARN_EMPTY_BODY = YES;
				CLANG_WARN_ENUM_CONVERSION = YES;
				CLANG_WARN_INFINITE_RECURSION = YES;
				CLANG_WARN_INT_CONVERSION = YES;
				CLANG_WARN_NON_LITERAL_NULL_CONVERSION = YES;
				CLANG_WARN_OBJC_LITERAL_CONVERSION = YES;
				CLANG_WARN_OBJC_ROOT_CLASS = YES_ERROR;
				CLANG_WARN_RANGE_LOOP_ANALYSIS = YES;
				CLANG_WARN_STRICT_PROTOTYPES = YES;
				CLANG_WARN_SUSPICIOUS_MOVE = YES;
				CLANG_WARN_UNGUARDED_AVAILABILITY = YES_AGGRESSIVE;
				CLANG_WARN_UNREACHABLE_CODE = YES;
				CLANG_WARN__DUPLICATE_METHOD_MATCH = YES;
				CODE_SIGN_IDENTITY = "iPhone Developer";
				COPY_PHASE_STRIP = NO;
				DEBUG_INFORMATION_FORMAT = dwarf;
				ENABLE_STRICT_OBJC_MSGSEND = YES;
				ENABLE_TESTABILITY = YES;
				GCC_C_LANGUAGE_STANDARD = gnu11;
				GCC_DYNAMIC_NO_PIC = NO;
				GCC_NO_COMMON_BLOCKS = YES;
				GCC_OPTIMIZATION_LEVEL = 0;
				GCC_PREPROCESSOR_DEFINITIONS = (
					"DEBUG=1",
					"$(inherited)",
				);
				GCC_WARN_64_TO_32_BIT_CONVERSION = YES;
				GCC_WARN_ABOUT_RETURN_TYPE = YES_ERROR;
				GCC_WARN_UNDECLARED_SELECTOR = YES;
				GCC_WARN_UNINITIALIZED_AUTOS = YES_AGGRESSIVE;
				GCC_WARN_UNUSED_FUNCTION = YES;
				GCC_WARN_UNUSED_VARIABLE = YES;
				IPHONEOS_DEPLOYMENT_TARGET = 11.2;
				MTL_ENABLE_DEBUG_INFO = YES;
				ONLY_ACTIVE_ARCH = YES;
				SDKROOT = iphoneos;
				SWIFT_ACTIVE_COMPILATION_CONDITIONS = DEBUG;
				SWIFT_OPTIMIZATION_LEVEL = "-Onone";
			};
			name = Debug;
		};
		CD79EE682073674D003CB923 /* Release */ = {
			isa = XCBuildConfiguration;
			buildSettings = {
				ALWAYS_SEARCH_USER_PATHS = NO;
				CLANG_ANALYZER_NONNULL = YES;
				CLANG_ANALYZER_NUMBER_OBJECT_CONVERSION = YES_AGGRESSIVE;
				CLANG_CXX_LANGUAGE_STANDARD = "gnu++14";
				CLANG_CXX_LIBRARY = "libc++";
				CLANG_ENABLE_MODULES = YES;
				CLANG_ENABLE_OBJC_ARC = YES;
				CLANG_WARN_BLOCK_CAPTURE_AUTORELEASING = YES;
				CLANG_WARN_BOOL_CONVERSION = YES;
				CLANG_WARN_COMMA = YES;
				CLANG_WARN_CONSTANT_CONVERSION = YES;
				CLANG_WARN_DIRECT_OBJC_ISA_USAGE = YES_ERROR;
				CLANG_WARN_DOCUMENTATION_COMMENTS = YES;
				CLANG_WARN_EMPTY_BODY = YES;
				CLANG_WARN_ENUM_CONVERSION = YES;
				CLANG_WARN_INFINITE_RECURSION = YES;
				CLANG_WARN_INT_CONVERSION = YES;
				CLANG_WARN_NON_LITERAL_NULL_CONVERSION = YES;
				CLANG_WARN_OBJC_LITERAL_CONVERSION = YES;
				CLANG_WARN_OBJC_ROOT_CLASS = YES_ERROR;
				CLANG_WARN_RANGE_LOOP_ANALYSIS = YES;
				CLANG_WARN_STRICT_PROTOTYPES = YES;
				CLANG_WARN_SUSPICIOUS_MOVE = YES;
				CLANG_WARN_UNGUARDED_AVAILABILITY = YES_AGGRESSIVE;
				CLANG_WARN_UNREACHABLE_CODE = YES;
				CLANG_WARN__DUPLICATE_METHOD_MATCH = YES;
				CODE_SIGN_IDENTITY = "iPhone Developer";
				COPY_PHASE_STRIP = NO;
				DEBUG_INFORMATION_FORMAT = "dwarf-with-dsym";
				ENABLE_NS_ASSERTIONS = NO;
				ENABLE_STRICT_OBJC_MSGSEND = YES;
				GCC_C_LANGUAGE_STANDARD = gnu11;
				GCC_NO_COMMON_BLOCKS = YES;
				GCC_WARN_64_TO_32_BIT_CONVERSION = YES;
				GCC_WARN_ABOUT_RETURN_TYPE = YES_ERROR;
				GCC_WARN_UNDECLARED_SELECTOR = YES;
				GCC_WARN_UNINITIALIZED_AUTOS = YES_AGGRESSIVE;
				GCC_WARN_UNUSED_FUNCTION = YES;
				GCC_WARN_UNUSED_VARIABLE = YES;
				IPHONEOS_DEPLOYMENT_TARGET = 11.2;
				MTL_ENABLE_DEBUG_INFO = NO;
				SDKROOT = iphoneos;
				SWIFT_OPTIMIZATION_LEVEL = "-Owholemodule";
				VALIDATE_PRODUCT = YES;
			};
			name = Release;
		};
		CD79EE6A2073674D003CB923 /* Debug */ = {
			isa = XCBuildConfiguration;
			buildSettings = {
				ASSETCATALOG_COMPILER_APPICON_NAME = AppIcon;
				CODE_SIGN_STYLE = Automatic;
				INFOPLIST_FILE = Navigation2/Info.plist;
				LD_RUNPATH_SEARCH_PATHS = "$(inherited) @executable_path/Frameworks";
				PRODUCT_BUNDLE_IDENTIFIER = kr.ac.swu.Navigation2;
				PRODUCT_NAME = "$(TARGET_NAME)";
				SWIFT_VERSION = 4.0;
				TARGETED_DEVICE_FAMILY = "1,2";
			};
			name = Debug;
		};
		CD79EE6B2073674D003CB923 /* Release */ = {
			isa = XCBuildConfiguration;
			buildSettings = {
				ASSETCATALOG_COMPILER_APPICON_NAME = AppIcon;
				CODE_SIGN_STYLE = Automatic;
				INFOPLIST_FILE = Navigation2/Info.plist;
				LD_RUNPATH_SEARCH_PATHS = "$(inherited) @executable_path/Frameworks";
				PRODUCT_BUNDLE_IDENTIFIER = kr.ac.swu.Navigation2;
				PRODUCT_NAME = "$(TARGET_NAME)";
				SWIFT_VERSION = 4.0;
				TARGETED_DEVICE_FAMILY = "1,2";
			};
			name = Release;
		};
/* End XCBuildConfiguration section */

/* Begin XCConfigurationList section */
		CD79EE522073674D003CB923 /* Build configuration list for PBXProject "Navigation2" */ = {
			isa = XCConfigurationList;
			buildConfigurations = (
				CD79EE672073674D003CB923 /* Debug */,
				CD79EE682073674D003CB923 /* Release */,
			);
			defaultConfigurationIsVisible = 0;
			defaultConfigurationName = Release;
		};
		CD79EE692073674D003CB923 /* Build configuration list for PBXNativeTarget "Navigation2" */ = {
			isa = XCConfigurationList;
			buildConfigurations = (
				CD79EE6A2073674D003CB923 /* Debug */,
				CD79EE6B2073674D003CB923 /* Release */,
			);
			defaultConfigurationIsVisible = 0;
			defaultConfigurationName = Release;
		};
/* End XCConfigurationList section */
	};
	rootObject = CD79EE4F2073674D003CB923 /* Project object */;
}
